<?xml version="1.0" encoding="utf-8"?>
<Project ToolsVersion="4.0" xmlns="http://schemas.microsoft.com/developer/msbuild/2003">
  <ItemGroup>
    <Filter Include="App">
      <UniqueIdentifier>{21d1455b-d71f-4481-a8d1-a5662b13a466}</UniqueIdentifier>
    </Filter>
    <Filter Include="Engine">
      <UniqueIdentifier>{f6ab0daf-46cf-44c3-8ee4-63d40b822a90}</UniqueIdentifier>
    </Filter>
  </ItemGroup>
  <ItemGroup>
    <ClCompile Include="App\AppWindow.cpp" />
    <ClCompile Include="App\Main.cpp" />
    <ClCompile Include="GameEngine\GraphicsEngine\GraphicsEngine.cpp" />
    <ClCompile Include="GameEngine\WindowingSystem\Window.cpp" />
    <ClCompile Include="GameEngine\Logger\Log.cpp" />
    <ClCompile Include="GameEngine\GraphicsEngine\Renderer\ConstantBuffer\ConstantBuffer.cpp" />
    <ClCompile Include="GameEngine\GraphicsEngine\Renderer\DeviceContext\DeviceContext.cpp" />
    <ClCompile Include="GameEngine\GraphicsEngine\Renderer\IndexBuffer\IndexBuffer.cpp" />
    <ClCompile Include="GameEngine\GraphicsEngine\Renderer\PixelShader\PixelShader.cpp" />
    <ClCompile Include="GameEngine\GraphicsEngine\Renderer\Renderer.cpp" />
    <ClCompile Include="GameEngine\GraphicsEngine\Renderer\SwapChain\SwapChain.cpp" />
    <ClCompile Include="GameEngine\GraphicsEngine\Renderer\VertexBuffer\VertexBuffer.cpp" />
    <ClCompile Include="GameEngine\GraphicsEngine\Renderer\VertexShader\VertexShader.cpp" />
    <ClCompile Include="GameEngine\GraphicsEngine\ResourceManager\Resource.cpp" />
    <ClCompile Include="GameEngine\GraphicsEngine\ResourceManager\ResourceManager.cpp" />
    <ClCompile Include="GameEngine\GraphicsEngine\ResourceManager\TextureManager\Texture.cpp" />
    <ClCompile Include="GameEngine\GraphicsEngine\ResourceManager\TextureManager\TextureManager.cpp" />
    <ClCompile Include="GameEngine\InputSystem\InputSystem.cpp" />
    <ClCompile Include="imgui_implem\imgui_impl_dx11.cpp" />
    <ClCompile Include="imgui_implem\imgui_impl_win32.cpp" />
    <ClCompile Include="imgui_implem\imgui_src\imgui.cpp" />
    <ClCompile Include="imgui_implem\imgui_src\imgui_demo.cpp" />
    <ClCompile Include="imgui_implem\imgui_src\imgui_draw.cpp" />
    <ClCompile Include="imgui_implem\imgui_src\imgui_tables.cpp" />
    <ClCompile Include="imgui_implem\imgui_src\imgui_widgets.cpp" />
    <ClCompile Include="GameEngine\GraphicsEngine\ResourceManager\MeshManager\Mesh.cpp" />
    <ClCompile Include="GameEngine\GraphicsEngine\ResourceManager\MeshManager\MeshManager.cpp" />
  </ItemGroup>
  <ItemGroup>
    <ClInclude Include="App\AppWindow.h" />
    <ClInclude Include="GameEngine\GraphicsEngine\GraphicsEngine.h" />
    <ClInclude Include="GameEngine\WindowingSystem\Window.h" />
    <ClInclude Include="GameEngine\Logger\Log.h" />
    <ClInclude Include="GameEngine\GraphicsEngine\Prerequisites.h" />
    <ClInclude Include="GameEngine\GraphicsEngine\Renderer\ConstantBuffer\ConstantBuffer.h" />
    <ClInclude Include="GameEngine\GraphicsEngine\Renderer\DeviceContext\DeviceContext.h" />
    <ClInclude Include="GameEngine\GraphicsEngine\Renderer\IndexBuffer\IndexBuffer.h" />
    <ClInclude Include="GameEngine\GraphicsEngine\Renderer\PixelShader\PixelShader.h" />
    <ClInclude Include="GameEngine\GraphicsEngine\Renderer\Renderer.h" />
    <ClInclude Include="GameEngine\GraphicsEngine\Renderer\SwapChain\SwapChain.h" />
    <ClInclude Include="GameEngine\GraphicsEngine\Renderer\VertexBuffer\VertexBuffer.h" />
    <ClInclude Include="GameEngine\GraphicsEngine\Renderer\VertexShader\VertexShader.h" />
    <ClInclude Include="GameEngine\GraphicsEngine\ResourceManager\Resource.h" />
    <ClInclude Include="GameEngine\GraphicsEngine\ResourceManager\ResourceManager.h" />
    <ClInclude Include="GameEngine\GraphicsEngine\ResourceManager\TextureManager\Texture.h" />
    <ClInclude Include="GameEngine\GraphicsEngine\ResourceManager\TextureManager\TextureManager.h" />
    <ClInclude Include="GameEngine\InputSystem\InputListener.h" />
    <ClInclude Include="GameEngine\InputSystem\InputSystem.h" />
    <ClInclude Include="GameEngine\Math\Matrix4x4.h" />
    <ClInclude Include="GameEngine\Math\Point.h" />
    <ClInclude Include="GameEngine\Math\Vector3.h" />
    <ClInclude Include="GameEngine\Math\Vector4.h" />
    <ClInclude Include="imgui_implem\imgui_impl_dx11.h" />
    <ClInclude Include="imgui_implem\imgui_impl_win32.h" />
    <ClInclude Include="imgui_implem\imgui_src\imconfig.h" />
    <ClInclude Include="imgui_implem\imgui_src\imgui.h" />
    <ClInclude Include="imgui_implem\imgui_src\imgui_internal.h" />
    <ClInclude Include="imgui_implem\imgui_src\imstb_rectpack.h" />
    <ClInclude Include="imgui_implem\imgui_src\imstb_textedit.h" />
    <ClInclude Include="imgui_implem\imgui_src\imstb_truetype.h" />
    <ClInclude Include="GameEngine\GraphicsEngine\ResourceManager\MeshManager\Mesh.h" />
    <ClInclude Include="GameEngine\GraphicsEngine\ResourceManager\MeshManager\MeshManager.h" />
    <ClInclude Include="GameEngine\Math\Vector2.h" />
    <ClInclude Include="GameEngine\Math\VertexMesh.h" />
  </ItemGroup>
  <ItemGroup>
    <FxCompile Include="App\VertexShader.hlsl" />
    <FxCompile Include="App\PixelShader.hlsl" />
  </ItemGroup>
  <ItemGroup>
    <None Include="GameEngine\GraphicsEngine\VertexMeshLayout.hlsl" />
  </ItemGroup>
</Project>