<?xml version="1.0" encoding="utf-8"?>
<Project ToolsVersion="4.0" xmlns="http://schemas.microsoft.com/developer/msbuild/2003">
  <ItemGroup>
    <Filter Include="App">
      <UniqueIdentifier>{21d1455b-d71f-4481-a8d1-a5662b13a466}</UniqueIdentifier>
    </Filter>
    <Filter Include="Engine">
      <UniqueIdentifier>{f6ab0daf-46cf-44c3-8ee4-63d40b822a90}</UniqueIdentifier>
    </Filter>
  </ItemGroup>
  <ItemGroup>
    <ClCompile Include="App\AppWindow.cpp" />
    <ClCompile Include="App\Main.cpp" />
    <ClCompile Include="GameEngine\GraphicsEngine\GraphicsEngine.cpp" />
    <ClCompile Include="GameEngine\WindowingSystem\Window.cpp" />
    <ClCompile Include="GameEngine\GraphicsEngine\DeviceContext\DeviceContext.cpp" />
    <ClCompile Include="GameEngine\GraphicsEngine\SwapChain\SwapChain.cpp" />
    <ClCompile Include="GameEngine\GraphicsEngine\VertexBuffer\VertexBuffer.cpp" />
    <ClCompile Include="GameEngine\Logger\Log.cpp" />
  </ItemGroup>
  <ItemGroup>
    <ClInclude Include="App\AppWindow.h" />
    <ClInclude Include="GameEngine\GraphicsEngine\GraphicsEngine.h" />
    <ClInclude Include="GameEngine\WindowingSystem\Window.h" />
    <ClInclude Include="GameEngine\GraphicsEngine\DeviceContext\DeviceContext.h" />
    <ClInclude Include="GameEngine\GraphicsEngine\SwapChain\SwapChain.h" />
    <ClInclude Include="GameEngine\GraphicsEngine\VertexBuffer\VertexBuffer.h" />
    <ClInclude Include="GameEngine\Logger\Log.h" />
  </ItemGroup>
</Project>